
Microsoft Visual Studio Solution File, Format Version 12.00
# Visual Studio Version 17
VisualStudioVersion = 17.14.36429.23 d17.14
MinimumVisualStudioVersion = 10.0.40219.1
Project("{FAE04EC0-301F-11D3-BF4B-00C04F79EFBC}") = "TicTacToe", "TicTacToe.csproj", "{E9E5A343-5293-4E51-8D33-D6D732010513}"
EndProject
Global
	GlobalSection(SolutionConfigurationPlatforms) = preSolution
		Debug|Any CPU = Debug|Any CPU
		Release|Any CPU = Release|Any CPU
	EndGlobalSection
	GlobalSection(ProjectConfigurationPlatforms) = postSolution
		{E9E5A343-5293-4E51-8D33-D6D732010513}.Debug|Any CPU.ActiveCfg = Debug|Any CPU
		{E9E5A343-5293-4E51-8D33-D6D732010513}.Debug|Any CPU.Build.0 = Debug|Any CPU
		{E9E5A343-5293-4E51-8D33-D6D732010513}.Release|Any CPU.ActiveCfg = Release|Any CPU
		{E9E5A343-5293-4E51-8D33-D6D732010513}.Release|Any CPU.Build.0 = Release|Any CPU
	EndGlobalSection
	GlobalSection(SolutionProperties) = preSolution
		HideSolutionNode = FALSE
	EndGlobalSection
	GlobalSection(ExtensibilityGlobals) = postSolution
		SolutionGuid = {EF141968-FE09-472B-A17C-3AC84FC84F74}
	EndGlobalSection
EndGlobal
